
Microsoft Visual Studio Solution File, Format Version 12.00
# Visual Studio Version 17
VisualStudioVersion = 17.3.32901.215
MinimumVisualStudioVersion = 10.0.40219.1
Project("{9A19103F-16F7-4668-BE54-9A1E7A4F7556}") = "Mobile.Api", "Mobile.Api\Mobile.Api.csproj", "{BD88DE70-2967-4678-84EC-84E65C00E414}"
EndProject
Project("{FAE04EC0-301F-11D3-BF4B-00C04F79EFBC}") = "Mobile.DataAccess", "Mobile.DataAccess\Mobile.DataAccess.csproj", "{7999C8E6-2A92-4746-8861-616584FE7908}"
EndProject
Project("{FAE04EC0-301F-11D3-BF4B-00C04F79EFBC}") = "Mobile.ApiContracts", "Mobile.ApiContracts\Mobile.ApiContracts.csproj", "{C614422E-4543-421D-943D-F64A0E4AFED6}"
EndProject
Global
	GlobalSection(SolutionConfigurationPlatforms) = preSolution
		Debug|Any CPU = Debug|Any CPU
		Release|Any CPU = Release|Any CPU
	EndGlobalSection
	GlobalSection(ProjectConfigurationPlatforms) = postSolution
		{BD88DE70-2967-4678-84EC-84E65C00E414}.Debug|Any CPU.ActiveCfg = Debug|Any CPU
		{BD88DE70-2967-4678-84EC-84E65C00E414}.Debug|Any CPU.Build.0 = Debug|Any CPU
		{BD88DE70-2967-4678-84EC-84E65C00E414}.Release|Any CPU.ActiveCfg = Release|Any CPU
		{BD88DE70-2967-4678-84EC-84E65C00E414}.Release|Any CPU.Build.0 = Release|Any CPU
		{7999C8E6-2A92-4746-8861-616584FE7908}.Debug|Any CPU.ActiveCfg = Debug|Any CPU
		{7999C8E6-2A92-4746-8861-616584FE7908}.Debug|Any CPU.Build.0 = Debug|Any CPU
		{7999C8E6-2A92-4746-8861-616584FE7908}.Release|Any CPU.ActiveCfg = Release|Any CPU
		{7999C8E6-2A92-4746-8861-616584FE7908}.Release|Any CPU.Build.0 = Release|Any CPU
		{C614422E-4543-421D-943D-F64A0E4AFED6}.Debug|Any CPU.ActiveCfg = Debug|Any CPU
		{C614422E-4543-421D-943D-F64A0E4AFED6}.Debug|Any CPU.Build.0 = Debug|Any CPU
		{C614422E-4543-421D-943D-F64A0E4AFED6}.Release|Any CPU.ActiveCfg = Release|Any CPU
		{C614422E-4543-421D-943D-F64A0E4AFED6}.Release|Any CPU.Build.0 = Release|Any CPU
	EndGlobalSection
	GlobalSection(SolutionProperties) = preSolution
		HideSolutionNode = FALSE
	EndGlobalSection
	GlobalSection(ExtensibilityGlobals) = postSolution
		SolutionGuid = {820603FF-02CE-4406-90DE-6E876313D5F0}
	EndGlobalSection
EndGlobal
